<?xml version="1.0" encoding="utf-8"?>
<Project ToolsVersion="4.0" xmlns="http://schemas.microsoft.com/developer/msbuild/2003">
  <ItemGroup>
    <Filter Include="源文件">
      <UniqueIdentifier>{3AD45CB2-9312-4A9D-BDF9-2D4B0A17A8EE}</UniqueIdentifier>
    </Filter>
    <Filter Include="头文件">
      <UniqueIdentifier>{654CC389-7EC0-43C3-A8DA-74E8A6AD06FB}</UniqueIdentifier>
    </Filter>
    <Filter Include="资源文件">
      <UniqueIdentifier>{DCC6E96C-4B3E-46C6-87BA-3B43A6A8D4DF}</UniqueIdentifier>
    </Filter>
  </ItemGroup>

  <ItemGroup>
    <ClCompile Include="src\ConsoleUtil.cpp">
      <Filter>源文件</Filter>
    </ClCompile>
    <ClCompile Include="src\Draw.cpp">
      <Filter>源文件</Filter>
    </ClCompile>
    <ClCompile Include="src\GuessGame.cpp">
      <Filter>源文件</Filter>
    </ClCompile>
    <ClCompile Include="src\main.cpp">
      <Filter>源文件</Filter>
    </ClCompile>
  </ItemGroup>

  <ItemGroup>
    <ClInclude Include="include\ConsoleUtil.h">
      <Filter>头文件</Filter>
    </ClInclude>
    <ClInclude Include="include\Draw.h">
      <Filter>头文件</Filter>
    </ClInclude>
    <ClInclude Include="include\GuessGame.h">
      <Filter>头文件</Filter>
    </ClInclude>
  </ItemGroup>

  <ItemGroup>
    <None Include="README.md">
      <Filter>资源文件</Filter>
    </None>
    <None Include="words.txt">
      <Filter>资源文件</Filter>
    </None>
  </ItemGroup>
</Project>

